
Microsoft Visual Studio Solution File, Format Version 12.00
# Visual Studio Version 16
VisualStudioVersion = 16.0.31702.278
MinimumVisualStudioVersion = 10.0.40219.1
Project("{FAE04EC0-301F-11D3-BF4B-00C04F79EFBC}") = "World Skills X", "World Skills X\World Skills X.csproj", "{E0CD1E4D-D5BA-4550-90E8-CCB492C5EB90}"
EndProject
Global
	GlobalSection(SolutionConfigurationPlatforms) = preSolution
		Debug|Any CPU = Debug|Any CPU
		Release|Any CPU = Release|Any CPU
	EndGlobalSection
	GlobalSection(ProjectConfigurationPlatforms) = postSolution
		{E0CD1E4D-D5BA-4550-90E8-CCB492C5EB90}.Debug|Any CPU.ActiveCfg = Debug|Any CPU
		{E0CD1E4D-D5BA-4550-90E8-CCB492C5EB90}.Debug|Any CPU.Build.0 = Debug|Any CPU
		{E0CD1E4D-D5BA-4550-90E8-CCB492C5EB90}.Release|Any CPU.ActiveCfg = Release|Any CPU
		{E0CD1E4D-D5BA-4550-90E8-CCB492C5EB90}.Release|Any CPU.Build.0 = Release|Any CPU
	EndGlobalSection
	GlobalSection(SolutionProperties) = preSolution
		HideSolutionNode = FALSE
	EndGlobalSection
	GlobalSection(ExtensibilityGlobals) = postSolution
		SolutionGuid = {41538E12-5AC4-4720-AE86-68B64D179FE4}
	EndGlobalSection
EndGlobal
