
Microsoft Visual Studio Solution File, Format Version 12.00
# Visual Studio Version 16
VisualStudioVersion = 16.0.31019.35
MinimumVisualStudioVersion = 10.0.40219.1
Project("{FAE04EC0-301F-11D3-BF4B-00C04F79EFBC}") = "World Skills X", "World Skills X\World Skills X.csproj", "{13598CCC-EC37-4513-953D-C56519EC454E}"
EndProject
Global
	GlobalSection(SolutionConfigurationPlatforms) = preSolution
		Debug|Any CPU = Debug|Any CPU
		Release|Any CPU = Release|Any CPU
	EndGlobalSection
	GlobalSection(ProjectConfigurationPlatforms) = postSolution
		{13598CCC-EC37-4513-953D-C56519EC454E}.Debug|Any CPU.ActiveCfg = Debug|Any CPU
		{13598CCC-EC37-4513-953D-C56519EC454E}.Debug|Any CPU.Build.0 = Debug|Any CPU
		{13598CCC-EC37-4513-953D-C56519EC454E}.Release|Any CPU.ActiveCfg = Release|Any CPU
		{13598CCC-EC37-4513-953D-C56519EC454E}.Release|Any CPU.Build.0 = Release|Any CPU
	EndGlobalSection
	GlobalSection(SolutionProperties) = preSolution
		HideSolutionNode = FALSE
	EndGlobalSection
	GlobalSection(ExtensibilityGlobals) = postSolution
		SolutionGuid = {BCE4E5C0-F575-4080-B4F7-3BEC37C3E63F}
	EndGlobalSection
EndGlobal
