
Microsoft Visual Studio Solution File, Format Version 12.00
# Visual Studio Version 16
VisualStudioVersion = 16.0.31624.102
MinimumVisualStudioVersion = 10.0.40219.1
Project("{FAE04EC0-301F-11D3-BF4B-00C04F79EFBC}") = "World Skils X", "World Skils X.csproj", "{DC542100-966B-4DB0-BB3D-A0D65A0858E4}"
EndProject
Global
	GlobalSection(SolutionConfigurationPlatforms) = preSolution
		Debug|Any CPU = Debug|Any CPU
		Release|Any CPU = Release|Any CPU
	EndGlobalSection
	GlobalSection(ProjectConfigurationPlatforms) = postSolution
		{DC542100-966B-4DB0-BB3D-A0D65A0858E4}.Debug|Any CPU.ActiveCfg = Debug|Any CPU
		{DC542100-966B-4DB0-BB3D-A0D65A0858E4}.Debug|Any CPU.Build.0 = Debug|Any CPU
		{DC542100-966B-4DB0-BB3D-A0D65A0858E4}.Release|Any CPU.ActiveCfg = Release|Any CPU
		{DC542100-966B-4DB0-BB3D-A0D65A0858E4}.Release|Any CPU.Build.0 = Release|Any CPU
	EndGlobalSection
	GlobalSection(SolutionProperties) = preSolution
		HideSolutionNode = FALSE
	EndGlobalSection
	GlobalSection(ExtensibilityGlobals) = postSolution
		SolutionGuid = {94FF28F0-DEA1-4DF3-927C-AB832476E820}
	EndGlobalSection
EndGlobal
