
Microsoft Visual Studio Solution File, Format Version 12.00
# Visual Studio Version 16
VisualStudioVersion = 16.0.31911.196
MinimumVisualStudioVersion = 10.0.40219.1
Project("{FAE04EC0-301F-11D3-BF4B-00C04F79EFBC}") = "WorldSkillsX", "WorldSkillsX\WorldSkillsX.csproj", "{AD4A3D8E-F0EC-4D1E-A44E-2590CF8AC256}"
EndProject
Global
	GlobalSection(SolutionConfigurationPlatforms) = preSolution
		Debug|Any CPU = Debug|Any CPU
		Release|Any CPU = Release|Any CPU
	EndGlobalSection
	GlobalSection(ProjectConfigurationPlatforms) = postSolution
		{AD4A3D8E-F0EC-4D1E-A44E-2590CF8AC256}.Debug|Any CPU.ActiveCfg = Debug|Any CPU
		{AD4A3D8E-F0EC-4D1E-A44E-2590CF8AC256}.Debug|Any CPU.Build.0 = Debug|Any CPU
		{AD4A3D8E-F0EC-4D1E-A44E-2590CF8AC256}.Release|Any CPU.ActiveCfg = Release|Any CPU
		{AD4A3D8E-F0EC-4D1E-A44E-2590CF8AC256}.Release|Any CPU.Build.0 = Release|Any CPU
	EndGlobalSection
	GlobalSection(SolutionProperties) = preSolution
		HideSolutionNode = FALSE
	EndGlobalSection
	GlobalSection(ExtensibilityGlobals) = postSolution
		SolutionGuid = {1B0701E2-4958-4DBE-AC3B-E9703AB548DB}
	EndGlobalSection
EndGlobal
