
Microsoft Visual Studio Solution File, Format Version 12.00
# Visual Studio Version 16
VisualStudioVersion = 16.0.31019.35
MinimumVisualStudioVersion = 10.0.40219.1
Project("{FAE04EC0-301F-11D3-BF4B-00C04F79EFBC}") = "World Skills X", "World Skills X\World Skills X.csproj", "{84E424D9-043B-4F9D-8E15-E8B5657A178B}"
EndProject
Global
	GlobalSection(SolutionConfigurationPlatforms) = preSolution
		Debug|Any CPU = Debug|Any CPU
		Release|Any CPU = Release|Any CPU
	EndGlobalSection
	GlobalSection(ProjectConfigurationPlatforms) = postSolution
		{84E424D9-043B-4F9D-8E15-E8B5657A178B}.Debug|Any CPU.ActiveCfg = Debug|Any CPU
		{84E424D9-043B-4F9D-8E15-E8B5657A178B}.Debug|Any CPU.Build.0 = Debug|Any CPU
		{84E424D9-043B-4F9D-8E15-E8B5657A178B}.Release|Any CPU.ActiveCfg = Release|Any CPU
		{84E424D9-043B-4F9D-8E15-E8B5657A178B}.Release|Any CPU.Build.0 = Release|Any CPU
	EndGlobalSection
	GlobalSection(SolutionProperties) = preSolution
		HideSolutionNode = FALSE
	EndGlobalSection
	GlobalSection(ExtensibilityGlobals) = postSolution
		SolutionGuid = {B2168ABD-6FE9-49C9-9170-8CE1FBBF97BC}
	EndGlobalSection
EndGlobal
